
Microsoft Visual Studio Solution File, Format Version 12.00
# Visual Studio Version 17
VisualStudioVersion = 17.5.002.0
MinimumVisualStudioVersion = 10.0.40219.1
Project("{9A19103F-16F7-4668-BE54-9A1E7A4F7556}") = "Problems", "Problems.csproj", "{EB2D8D83-AC10-4DE0-96DA-072568FC15DA}"
EndProject
Global
	GlobalSection(SolutionConfigurationPlatforms) = preSolution
		Debug|Any CPU = Debug|Any CPU
		Release|Any CPU = Release|Any CPU
	EndGlobalSection
	GlobalSection(ProjectConfigurationPlatforms) = postSolution
		{EB2D8D83-AC10-4DE0-96DA-072568FC15DA}.Debug|Any CPU.ActiveCfg = Debug|Any CPU
		{EB2D8D83-AC10-4DE0-96DA-072568FC15DA}.Debug|Any CPU.Build.0 = Debug|Any CPU
		{EB2D8D83-AC10-4DE0-96DA-072568FC15DA}.Release|Any CPU.ActiveCfg = Release|Any CPU
		{EB2D8D83-AC10-4DE0-96DA-072568FC15DA}.Release|Any CPU.Build.0 = Release|Any CPU
	EndGlobalSection
	GlobalSection(SolutionProperties) = preSolution
		HideSolutionNode = FALSE
	EndGlobalSection
	GlobalSection(ExtensibilityGlobals) = postSolution
		SolutionGuid = {FE3B22E3-6CFB-4460-B1B6-42362B34F188}
	EndGlobalSection
EndGlobal
